
Microsoft Visual Studio Solution File, Format Version 12.00
# Visual Studio 15
VisualStudioVersion = 15.0.27130.2027
MinimumVisualStudioVersion = 10.0.40219.1
Project("{FAE04EC0-301F-11D3-BF4B-00C04F79EFBC}") = "AssemblyBrowser", "AssemblyBrowser\AssemblyBrowser.csproj", "{3F5C830D-46C6-4896-8B01-B46818A577D6}"
EndProject
Project("{FAE04EC0-301F-11D3-BF4B-00C04F79EFBC}") = "AssemblyBrowserLib", "AssemblyBrowserLib\AssemblyBrowserLib.csproj", "{AEB8BA1D-26FE-4050-85C0-82B68A7D6D5C}"
EndProject
Project("{FAE04EC0-301F-11D3-BF4B-00C04F79EFBC}") = "AssemblyBrowserTest", "AssemblyBrowserTest\AssemblyBrowserTest.csproj", "{35471808-B040-4442-9480-F3EBDF5607C0}"
EndProject
Global
	GlobalSection(SolutionConfigurationPlatforms) = preSolution
		Debug|Any CPU = Debug|Any CPU
		Release|Any CPU = Release|Any CPU
	EndGlobalSection
	GlobalSection(ProjectConfigurationPlatforms) = postSolution
		{3F5C830D-46C6-4896-8B01-B46818A577D6}.Debug|Any CPU.ActiveCfg = Debug|Any CPU
		{3F5C830D-46C6-4896-8B01-B46818A577D6}.Debug|Any CPU.Build.0 = Debug|Any CPU
		{3F5C830D-46C6-4896-8B01-B46818A577D6}.Release|Any CPU.ActiveCfg = Release|Any CPU
		{3F5C830D-46C6-4896-8B01-B46818A577D6}.Release|Any CPU.Build.0 = Release|Any CPU
		{AEB8BA1D-26FE-4050-85C0-82B68A7D6D5C}.Debug|Any CPU.ActiveCfg = Debug|Any CPU
		{AEB8BA1D-26FE-4050-85C0-82B68A7D6D5C}.Debug|Any CPU.Build.0 = Debug|Any CPU
		{AEB8BA1D-26FE-4050-85C0-82B68A7D6D5C}.Release|Any CPU.ActiveCfg = Release|Any CPU
		{AEB8BA1D-26FE-4050-85C0-82B68A7D6D5C}.Release|Any CPU.Build.0 = Release|Any CPU
		{35471808-B040-4442-9480-F3EBDF5607C0}.Debug|Any CPU.ActiveCfg = Debug|Any CPU
		{35471808-B040-4442-9480-F3EBDF5607C0}.Debug|Any CPU.Build.0 = Debug|Any CPU
		{35471808-B040-4442-9480-F3EBDF5607C0}.Release|Any CPU.ActiveCfg = Release|Any CPU
		{35471808-B040-4442-9480-F3EBDF5607C0}.Release|Any CPU.Build.0 = Release|Any CPU
	EndGlobalSection
	GlobalSection(SolutionProperties) = preSolution
		HideSolutionNode = FALSE
	EndGlobalSection
	GlobalSection(ExtensibilityGlobals) = postSolution
		SolutionGuid = {3F0BC73E-5400-4B94-B50F-2A0E4AB114E0}
	EndGlobalSection
EndGlobal
